
Microsoft Visual Studio Solution File, Format Version 12.00
# Visual Studio Version 16
VisualStudioVersion = 16.0.30320.27
MinimumVisualStudioVersion = 10.0.40219.1
Project("{FAE04EC0-301F-11D3-BF4B-00C04F79EFBC}") = "Calculator", "WpfApp2\Calculator.csproj", "{0735E1B3-5890-4BA6-BDA2-9A0851DF7B1F}"
EndProject
Global
	GlobalSection(SolutionConfigurationPlatforms) = preSolution
		Debug|Any CPU = Debug|Any CPU
		Release|Any CPU = Release|Any CPU
	EndGlobalSection
	GlobalSection(ProjectConfigurationPlatforms) = postSolution
		{0735E1B3-5890-4BA6-BDA2-9A0851DF7B1F}.Debug|Any CPU.ActiveCfg = Debug|Any CPU
		{0735E1B3-5890-4BA6-BDA2-9A0851DF7B1F}.Debug|Any CPU.Build.0 = Debug|Any CPU
		{0735E1B3-5890-4BA6-BDA2-9A0851DF7B1F}.Release|Any CPU.ActiveCfg = Release|Any CPU
		{0735E1B3-5890-4BA6-BDA2-9A0851DF7B1F}.Release|Any CPU.Build.0 = Release|Any CPU
	EndGlobalSection
	GlobalSection(SolutionProperties) = preSolution
		HideSolutionNode = FALSE
	EndGlobalSection
	GlobalSection(ExtensibilityGlobals) = postSolution
		SolutionGuid = {2571242F-A358-403F-8A3F-CB2EFD6787E9}
	EndGlobalSection
EndGlobal
